# THIS IS AN AUTOGENERATED FILE. DO NOT EDIT THIS FILE DIRECTLY.
# yarn lockfile v1


superhumanize@0.1.4:
  version "0.1.4"
  resolved "https://registry.yarnpkg.com/superhumanize/-/superhumanize-0.1.4.tgz#6be5c4c7444284cc4696e0daafe77b86d22bd1c8"
  integrity sha512-tacEHdAvvC4stJSZy01DOYudTlGH/V0Ox7MDJLy/R4bx3tlHp65Fa1S5/b6bvVJiuJydHhJb1vVo7bo0TO4thQ==
